<Solution>
  <Configurations>
    <BuildType Name="Debug" />
    <BuildType Name="Default" />
    <BuildType Name="Release" />
  </Configurations>
  <Project Path="xGitTest/xGitTest/xGitTest.sqlproj" Type="42ea0dbd-9cf1-443e-919e-be9c484e4577" Id="def46f32-691a-4ef4-ad4a-9f45a2a26ae7">
    <BuildType Solution="Default|*" Project="Release" />
  </Project>
  <Project Path="xGitTestAttachments/xGitTestAttachments.sqlproj" Type="42ea0dbd-9cf1-443e-919e-be9c484e4577" Id="729138a4-9d3d-4280-8cc3-876fee849c21">
    <BuildType Solution="Default|*" Project="Release" />
  </Project>
  <Project Path="xGitTestXlogArchive/xGitTestXlogArchive.sqlproj" Type="42ea0dbd-9cf1-443e-919e-be9c484e4577" Id="e7651ab5-bb13-4f61-9355-bb44dbf33b03">
    <BuildType Solution="Default|*" Project="Release" />
  </Project>
</Solution>
